
Microsoft Visual Studio Solution File, Format Version 12.00
# Visual Studio 15
VisualStudioVersion = 15.0.26228.4
MinimumVisualStudioVersion = 10.0.40219.1
Project("{D954291E-2A0B-460D-934E-DC6B0785DB48}") = "OXamarin", "OXamarin\OXamarin\OXamarin.shproj", "{432568EF-B424-4872-B5EB-AB213B81A8A4}"
EndProject
Project("{FAE04EC0-301F-11D3-BF4B-00C04F79EFBC}") = "OXamarin.Android", "OXamarin\OXamarin.Android\OXamarin.Android.csproj", "{006B8EA5-55DA-4E65-A54F-C061E1E43A12}"
EndProject
Project("{FAE04EC0-301F-11D3-BF4B-00C04F79EFBC}") = "OXamarin.iOS", "OXamarin\OXamarin.iOS\OXamarin.iOS.csproj", "{6D342321-ADDB-45C8-9B71-8922B6EE26B1}"
EndProject
Global
	GlobalSection(SharedMSBuildProjectFiles) = preSolution
		OXamarin\OXamarin\OXamarin.projitems*{006b8ea5-55da-4e65-a54f-c061e1e43a12}*SharedItemsImports = 4
		OXamarin\OXamarin\OXamarin.projitems*{432568ef-b424-4872-b5eb-ab213b81a8a4}*SharedItemsImports = 13
		OXamarin\OXamarin\OXamarin.projitems*{6d342321-addb-45c8-9b71-8922b6ee26b1}*SharedItemsImports = 4
	EndGlobalSection
	GlobalSection(SolutionConfigurationPlatforms) = preSolution
		Ad-Hoc|Any CPU = Ad-Hoc|Any CPU
		Ad-Hoc|ARM = Ad-Hoc|ARM
		Ad-Hoc|iPhone = Ad-Hoc|iPhone
		Ad-Hoc|iPhoneSimulator = Ad-Hoc|iPhoneSimulator
		Ad-Hoc|x64 = Ad-Hoc|x64
		Ad-Hoc|x86 = Ad-Hoc|x86
		AppStore|Any CPU = AppStore|Any CPU
		AppStore|ARM = AppStore|ARM
		AppStore|iPhone = AppStore|iPhone
		AppStore|iPhoneSimulator = AppStore|iPhoneSimulator
		AppStore|x64 = AppStore|x64
		AppStore|x86 = AppStore|x86
		Debug|Any CPU = Debug|Any CPU
		Debug|ARM = Debug|ARM
		Debug|iPhone = Debug|iPhone
		Debug|iPhoneSimulator = Debug|iPhoneSimulator
		Debug|x64 = Debug|x64
		Debug|x86 = Debug|x86
		Release|Any CPU = Release|Any CPU
		Release|ARM = Release|ARM
		Release|iPhone = Release|iPhone
		Release|iPhoneSimulator = Release|iPhoneSimulator
		Release|x64 = Release|x64
		Release|x86 = Release|x86
	EndGlobalSection
	GlobalSection(ProjectConfigurationPlatforms) = postSolution
		{006B8EA5-55DA-4E65-A54F-C061E1E43A12}.Ad-Hoc|Any CPU.ActiveCfg = Release|Any CPU
		{006B8EA5-55DA-4E65-A54F-C061E1E43A12}.Ad-Hoc|Any CPU.Build.0 = Release|Any CPU
		{006B8EA5-55DA-4E65-A54F-C061E1E43A12}.Ad-Hoc|Any CPU.Deploy.0 = Release|Any CPU
		{006B8EA5-55DA-4E65-A54F-C061E1E43A12}.Ad-Hoc|ARM.ActiveCfg = Release|Any CPU
		{006B8EA5-55DA-4E65-A54F-C061E1E43A12}.Ad-Hoc|ARM.Build.0 = Release|Any CPU
		{006B8EA5-55DA-4E65-A54F-C061E1E43A12}.Ad-Hoc|ARM.Deploy.0 = Release|Any CPU
		{006B8EA5-55DA-4E65-A54F-C061E1E43A12}.Ad-Hoc|iPhone.ActiveCfg = Release|Any CPU
		{006B8EA5-55DA-4E65-A54F-C061E1E43A12}.Ad-Hoc|iPhone.Build.0 = Release|Any CPU
		{006B8EA5-55DA-4E65-A54F-C061E1E43A12}.Ad-Hoc|iPhone.Deploy.0 = Release|Any CPU
		{006B8EA5-55DA-4E65-A54F-C061E1E43A12}.Ad-Hoc|iPhoneSimulator.ActiveCfg = Release|Any CPU
		{006B8EA5-55DA-4E65-A54F-C061E1E43A12}.Ad-Hoc|iPhoneSimulator.Build.0 = Release|Any CPU
		{006B8EA5-55DA-4E65-A54F-C061E1E43A12}.Ad-Hoc|iPhoneSimulator.Deploy.0 = Release|Any CPU
		{006B8EA5-55DA-4E65-A54F-C061E1E43A12}.Ad-Hoc|x64.ActiveCfg = Release|Any CPU
		{006B8EA5-55DA-4E65-A54F-C061E1E43A12}.Ad-Hoc|x64.Build.0 = Release|Any CPU
		{006B8EA5-55DA-4E65-A54F-C061E1E43A12}.Ad-Hoc|x64.Deploy.0 = Release|Any CPU
		{006B8EA5-55DA-4E65-A54F-C061E1E43A12}.Ad-Hoc|x86.ActiveCfg = Release|Any CPU
		{006B8EA5-55DA-4E65-A54F-C061E1E43A12}.Ad-Hoc|x86.Build.0 = Release|Any CPU
		{006B8EA5-55DA-4E65-A54F-C061E1E43A12}.Ad-Hoc|x86.Deploy.0 = Release|Any CPU
		{006B8EA5-55DA-4E65-A54F-C061E1E43A12}.AppStore|Any CPU.ActiveCfg = Release|Any CPU
		{006B8EA5-55DA-4E65-A54F-C061E1E43A12}.AppStore|Any CPU.Build.0 = Release|Any CPU
		{006B8EA5-55DA-4E65-A54F-C061E1E43A12}.AppStore|Any CPU.Deploy.0 = Release|Any CPU
		{006B8EA5-55DA-4E65-A54F-C061E1E43A12}.AppStore|ARM.ActiveCfg = Release|Any CPU
		{006B8EA5-55DA-4E65-A54F-C061E1E43A12}.AppStore|ARM.Build.0 = Release|Any CPU
		{006B8EA5-55DA-4E65-A54F-C061E1E43A12}.AppStore|ARM.Deploy.0 = Release|Any CPU
		{006B8EA5-55DA-4E65-A54F-C061E1E43A12}.AppStore|iPhone.ActiveCfg = Release|Any CPU
		{006B8EA5-55DA-4E65-A54F-C061E1E43A12}.AppStore|iPhone.Build.0 = Release|Any CPU
		{006B8EA5-55DA-4E65-A54F-C061E1E43A12}.AppStore|iPhone.Deploy.0 = Release|Any CPU
		{006B8EA5-55DA-4E65-A54F-C061E1E43A12}.AppStore|iPhoneSimulator.ActiveCfg = Release|Any CPU
		{006B8EA5-55DA-4E65-A54F-C061E1E43A12}.AppStore|iPhoneSimulator.Build.0 = Release|Any CPU
		{006B8EA5-55DA-4E65-A54F-C061E1E43A12}.AppStore|iPhoneSimulator.Deploy.0 = Release|Any CPU
		{006B8EA5-55DA-4E65-A54F-C061E1E43A12}.AppStore|x64.ActiveCfg = Release|Any CPU
		{006B8EA5-55DA-4E65-A54F-C061E1E43A12}.AppStore|x64.Build.0 = Release|Any CPU
		{006B8EA5-55DA-4E65-A54F-C061E1E43A12}.AppStore|x64.Deploy.0 = Release|Any CPU
		{006B8EA5-55DA-4E65-A54F-C061E1E43A12}.AppStore|x86.ActiveCfg = Release|Any CPU
		{006B8EA5-55DA-4E65-A54F-C061E1E43A12}.AppStore|x86.Build.0 = Release|Any CPU
		{006B8EA5-55DA-4E65-A54F-C061E1E43A12}.AppStore|x86.Deploy.0 = Release|Any CPU
		{006B8EA5-55DA-4E65-A54F-C061E1E43A12}.Debug|Any CPU.ActiveCfg = Debug|Any CPU
		{006B8EA5-55DA-4E65-A54F-C061E1E43A12}.Debug|Any CPU.Build.0 = Debug|Any CPU
		{006B8EA5-55DA-4E65-A54F-C061E1E43A12}.Debug|Any CPU.Deploy.0 = Debug|Any CPU
		{006B8EA5-55DA-4E65-A54F-C061E1E43A12}.Debug|ARM.ActiveCfg = Debug|Any CPU
		{006B8EA5-55DA-4E65-A54F-C061E1E43A12}.Debug|ARM.Build.0 = Debug|Any CPU
		{006B8EA5-55DA-4E65-A54F-C061E1E43A12}.Debug|ARM.Deploy.0 = Debug|Any CPU
		{006B8EA5-55DA-4E65-A54F-C061E1E43A12}.Debug|iPhone.ActiveCfg = Debug|Any CPU
		{006B8EA5-55DA-4E65-A54F-C061E1E43A12}.Debug|iPhone.Build.0 = Debug|Any CPU
		{006B8EA5-55DA-4E65-A54F-C061E1E43A12}.Debug|iPhone.Deploy.0 = Debug|Any CPU
		{006B8EA5-55DA-4E65-A54F-C061E1E43A12}.Debug|iPhoneSimulator.ActiveCfg = Debug|Any CPU
		{006B8EA5-55DA-4E65-A54F-C061E1E43A12}.Debug|iPhoneSimulator.Build.0 = Debug|Any CPU
		{006B8EA5-55DA-4E65-A54F-C061E1E43A12}.Debug|iPhoneSimulator.Deploy.0 = Debug|Any CPU
		{006B8EA5-55DA-4E65-A54F-C061E1E43A12}.Debug|x64.ActiveCfg = Debug|Any CPU
		{006B8EA5-55DA-4E65-A54F-C061E1E43A12}.Debug|x64.Build.0 = Debug|Any CPU
		{006B8EA5-55DA-4E65-A54F-C061E1E43A12}.Debug|x64.Deploy.0 = Debug|Any CPU
		{006B8EA5-55DA-4E65-A54F-C061E1E43A12}.Debug|x86.ActiveCfg = Debug|Any CPU
		{006B8EA5-55DA-4E65-A54F-C061E1E43A12}.Debug|x86.Build.0 = Debug|Any CPU
		{006B8EA5-55DA-4E65-A54F-C061E1E43A12}.Debug|x86.Deploy.0 = Debug|Any CPU
		{006B8EA5-55DA-4E65-A54F-C061E1E43A12}.Release|Any CPU.ActiveCfg = Release|Any CPU
		{006B8EA5-55DA-4E65-A54F-C061E1E43A12}.Release|Any CPU.Build.0 = Release|Any CPU
		{006B8EA5-55DA-4E65-A54F-C061E1E43A12}.Release|Any CPU.Deploy.0 = Release|Any CPU
		{006B8EA5-55DA-4E65-A54F-C061E1E43A12}.Release|ARM.ActiveCfg = Release|Any CPU
		{006B8EA5-55DA-4E65-A54F-C061E1E43A12}.Release|ARM.Build.0 = Release|Any CPU
		{006B8EA5-55DA-4E65-A54F-C061E1E43A12}.Release|ARM.Deploy.0 = Release|Any CPU
		{006B8EA5-55DA-4E65-A54F-C061E1E43A12}.Release|iPhone.ActiveCfg = Release|Any CPU
		{006B8EA5-55DA-4E65-A54F-C061E1E43A12}.Release|iPhone.Build.0 = Release|Any CPU
		{006B8EA5-55DA-4E65-A54F-C061E1E43A12}.Release|iPhone.Deploy.0 = Release|Any CPU
		{006B8EA5-55DA-4E65-A54F-C061E1E43A12}.Release|iPhoneSimulator.ActiveCfg = Release|Any CPU
		{006B8EA5-55DA-4E65-A54F-C061E1E43A12}.Release|iPhoneSimulator.Build.0 = Release|Any CPU
		{006B8EA5-55DA-4E65-A54F-C061E1E43A12}.Release|iPhoneSimulator.Deploy.0 = Release|Any CPU
		{006B8EA5-55DA-4E65-A54F-C061E1E43A12}.Release|x64.ActiveCfg = Release|Any CPU
		{006B8EA5-55DA-4E65-A54F-C061E1E43A12}.Release|x64.Build.0 = Release|Any CPU
		{006B8EA5-55DA-4E65-A54F-C061E1E43A12}.Release|x64.Deploy.0 = Release|Any CPU
		{006B8EA5-55DA-4E65-A54F-C061E1E43A12}.Release|x86.ActiveCfg = Release|Any CPU
		{006B8EA5-55DA-4E65-A54F-C061E1E43A12}.Release|x86.Build.0 = Release|Any CPU
		{006B8EA5-55DA-4E65-A54F-C061E1E43A12}.Release|x86.Deploy.0 = Release|Any CPU
		{6D342321-ADDB-45C8-9B71-8922B6EE26B1}.Ad-Hoc|Any CPU.ActiveCfg = Ad-Hoc|iPhone
		{6D342321-ADDB-45C8-9B71-8922B6EE26B1}.Ad-Hoc|ARM.ActiveCfg = Ad-Hoc|iPhone
		{6D342321-ADDB-45C8-9B71-8922B6EE26B1}.Ad-Hoc|iPhone.ActiveCfg = Ad-Hoc|iPhone
		{6D342321-ADDB-45C8-9B71-8922B6EE26B1}.Ad-Hoc|iPhone.Build.0 = Ad-Hoc|iPhone
		{6D342321-ADDB-45C8-9B71-8922B6EE26B1}.Ad-Hoc|iPhoneSimulator.ActiveCfg = Ad-Hoc|iPhoneSimulator
		{6D342321-ADDB-45C8-9B71-8922B6EE26B1}.Ad-Hoc|iPhoneSimulator.Build.0 = Ad-Hoc|iPhoneSimulator
		{6D342321-ADDB-45C8-9B71-8922B6EE26B1}.Ad-Hoc|x64.ActiveCfg = Ad-Hoc|iPhone
		{6D342321-ADDB-45C8-9B71-8922B6EE26B1}.Ad-Hoc|x86.ActiveCfg = Ad-Hoc|iPhone
		{6D342321-ADDB-45C8-9B71-8922B6EE26B1}.AppStore|Any CPU.ActiveCfg = AppStore|iPhone
		{6D342321-ADDB-45C8-9B71-8922B6EE26B1}.AppStore|ARM.ActiveCfg = AppStore|iPhone
		{6D342321-ADDB-45C8-9B71-8922B6EE26B1}.AppStore|iPhone.ActiveCfg = AppStore|iPhone
		{6D342321-ADDB-45C8-9B71-8922B6EE26B1}.AppStore|iPhone.Build.0 = AppStore|iPhone
		{6D342321-ADDB-45C8-9B71-8922B6EE26B1}.AppStore|iPhoneSimulator.ActiveCfg = AppStore|iPhoneSimulator
		{6D342321-ADDB-45C8-9B71-8922B6EE26B1}.AppStore|iPhoneSimulator.Build.0 = AppStore|iPhoneSimulator
		{6D342321-ADDB-45C8-9B71-8922B6EE26B1}.AppStore|x64.ActiveCfg = AppStore|iPhone
		{6D342321-ADDB-45C8-9B71-8922B6EE26B1}.AppStore|x86.ActiveCfg = AppStore|iPhone
		{6D342321-ADDB-45C8-9B71-8922B6EE26B1}.Debug|Any CPU.ActiveCfg = Debug|iPhone
		{6D342321-ADDB-45C8-9B71-8922B6EE26B1}.Debug|ARM.ActiveCfg = Debug|iPhone
		{6D342321-ADDB-45C8-9B71-8922B6EE26B1}.Debug|iPhone.ActiveCfg = Debug|iPhone
		{6D342321-ADDB-45C8-9B71-8922B6EE26B1}.Debug|iPhone.Build.0 = Debug|iPhone
		{6D342321-ADDB-45C8-9B71-8922B6EE26B1}.Debug|iPhoneSimulator.ActiveCfg = Debug|iPhoneSimulator
		{6D342321-ADDB-45C8-9B71-8922B6EE26B1}.Debug|iPhoneSimulator.Build.0 = Debug|iPhoneSimulator
		{6D342321-ADDB-45C8-9B71-8922B6EE26B1}.Debug|x64.ActiveCfg = Debug|iPhone
		{6D342321-ADDB-45C8-9B71-8922B6EE26B1}.Debug|x86.ActiveCfg = Debug|iPhone
		{6D342321-ADDB-45C8-9B71-8922B6EE26B1}.Release|Any CPU.ActiveCfg = Release|iPhone
		{6D342321-ADDB-45C8-9B71-8922B6EE26B1}.Release|ARM.ActiveCfg = Release|iPhone
		{6D342321-ADDB-45C8-9B71-8922B6EE26B1}.Release|iPhone.ActiveCfg = Release|iPhone
		{6D342321-ADDB-45C8-9B71-8922B6EE26B1}.Release|iPhone.Build.0 = Release|iPhone
		{6D342321-ADDB-45C8-9B71-8922B6EE26B1}.Release|iPhoneSimulator.ActiveCfg = Release|iPhoneSimulator
		{6D342321-ADDB-45C8-9B71-8922B6EE26B1}.Release|iPhoneSimulator.Build.0 = Release|iPhoneSimulator
		{6D342321-ADDB-45C8-9B71-8922B6EE26B1}.Release|x64.ActiveCfg = Release|iPhone
		{6D342321-ADDB-45C8-9B71-8922B6EE26B1}.Release|x86.ActiveCfg = Release|iPhone
	EndGlobalSection
	GlobalSection(SolutionProperties) = preSolution
		HideSolutionNode = FALSE
	EndGlobalSection
EndGlobal
